
Microsoft Visual Studio Solution File, Format Version 12.00
# Visual Studio Version 17
VisualStudioVersion = 17.0.31903.59
MinimumVisualStudioVersion = 10.0.40219.1
Project("{FAE04EC0-301F-11D3-BF4B-00C04F79EFBC}") = "Recrutamento.API", "Recrutamento.API\Recrutamento.API.csproj", "{39994D12-DD75-4C5D-9720-0D5ADD915481}"
EndProject
Project("{FAE04EC0-301F-11D3-BF4B-00C04F79EFBC}") = "Recrutamento.Dominio", "Recrutamento.Dominio\Recrutamento.Dominio.csproj", "{BA2E2A70-2763-479E-B981-44269FB74A10}"
EndProject
Global
	GlobalSection(SolutionConfigurationPlatforms) = preSolution
		Debug|Any CPU = Debug|Any CPU
		Release|Any CPU = Release|Any CPU
	EndGlobalSection
	GlobalSection(SolutionProperties) = preSolution
		HideSolutionNode = FALSE
	EndGlobalSection
	GlobalSection(ProjectConfigurationPlatforms) = postSolution
		{39994D12-DD75-4C5D-9720-0D5ADD915481}.Debug|Any CPU.ActiveCfg = Debug|Any CPU
		{39994D12-DD75-4C5D-9720-0D5ADD915481}.Debug|Any CPU.Build.0 = Debug|Any CPU
		{39994D12-DD75-4C5D-9720-0D5ADD915481}.Release|Any CPU.ActiveCfg = Release|Any CPU
		{39994D12-DD75-4C5D-9720-0D5ADD915481}.Release|Any CPU.Build.0 = Release|Any CPU
		{BA2E2A70-2763-479E-B981-44269FB74A10}.Debug|Any CPU.ActiveCfg = Debug|Any CPU
		{BA2E2A70-2763-479E-B981-44269FB74A10}.Debug|Any CPU.Build.0 = Debug|Any CPU
		{BA2E2A70-2763-479E-B981-44269FB74A10}.Release|Any CPU.ActiveCfg = Release|Any CPU
		{BA2E2A70-2763-479E-B981-44269FB74A10}.Release|Any CPU.Build.0 = Release|Any CPU
	EndGlobalSection
EndGlobal
